
Microsoft Visual Studio Solution File, Format Version 12.00
# Visual Studio Version 16
VisualStudioVersion = 16.0.32126.315
MinimumVisualStudioVersion = 10.0.40219.1
Project("{FAE04EC0-301F-11D3-BF4B-00C04F79EFBC}") = "FontInfoEditorGUI", "FontInfoEditorGUI\FontInfoEditorGUI.csproj", "{A08A2CB2-CEF2-4129-A601-D05EEF19EECC}"
EndProject
Global
	GlobalSection(SolutionConfigurationPlatforms) = preSolution
		Debug|Any CPU = Debug|Any CPU
		Release|Any CPU = Release|Any CPU
	EndGlobalSection
	GlobalSection(ProjectConfigurationPlatforms) = postSolution
		{A08A2CB2-CEF2-4129-A601-D05EEF19EECC}.Debug|Any CPU.ActiveCfg = Debug|Any CPU
		{A08A2CB2-CEF2-4129-A601-D05EEF19EECC}.Debug|Any CPU.Build.0 = Debug|Any CPU
		{A08A2CB2-CEF2-4129-A601-D05EEF19EECC}.Release|Any CPU.ActiveCfg = Release|Any CPU
		{A08A2CB2-CEF2-4129-A601-D05EEF19EECC}.Release|Any CPU.Build.0 = Release|Any CPU
	EndGlobalSection
	GlobalSection(SolutionProperties) = preSolution
		HideSolutionNode = FALSE
	EndGlobalSection
	GlobalSection(ExtensibilityGlobals) = postSolution
		SolutionGuid = {CE8537F6-5622-4EA0-BE21-BE0A8AC3D5E4}
	EndGlobalSection
EndGlobal
